{
  "name": "opencode-global-config",
  "version": "file:../../.dotfiles/opencode/.config/opencode",
  "lockfileVersion": 3,
  "requires": true,
  "packages": {
    "": {
      "name": "opencode-global-config",
      "dependencies": {
        "@effect/platform": "^0.96.0",
        "@effect/platform-bun": "^0.89.0",
        "@openauthjs/openauth": "^0.4.3",
        "@opencode-ai/plugin": "1.4.0",
        "effect": "^3.21.0"
      }
    },
    "../../.dotfiles/opencode/.config/opencode/node_modules/@effect/cluster": {
      "version": "0.58.0",
      "resolved": "https://registry.npmjs.org/@effect/cluster/-/cluster-0.58.0.tgz",
      "integrity": "sha512-0Zog7s7XdntWcTqdqWPoj6nc7hPaWIzp0k0DsFUWyCynXNPK9dAtgFrSce04NhddNqqbhtZck/lhuqJwNBrprQ==",
      "license": "MIT",
      "peer": true,
      "dependencies": {
        "kubernetes-types": "^1.30.0"
      },
      "peerDependencies": {
        "@effect/platform": "^0.96.0",
        "@effect/rpc": "^0.75.0",
        "@effect/sql": "^0.51.0",
        "@effect/workflow": "^0.18.0",
        "effect": "^3.21.0"
      }
    },
    "../../.dotfiles/opencode/.config/opencode/node_modules/@effect/experimental": {
      "version": "0.60.0",
      "resolved": "https://registry.npmjs.org/@effect/experimental/-/experimental-0.60.0.tgz",
      "integrity": "sha512-i5zIg7Xup2KgHyqHlYtkgqSE1bNzCL0GbbTQxrpIzKF0q/ebknOk/ox8B/gIq2vImjoEE81h/oxU+6i1NH210g==",
      "license": "MIT",
      "peer": true,
      "dependencies": {
        "uuid": "^11.0.3"
      },
      "peerDependencies": {
        "@effect/platform": "^0.96.0",
        "effect": "^3.21.0",
        "ioredis": "^5",
        "lmdb": "^3"
      },
      "peerDependenciesMeta": {
        "ioredis": {
          "optional": true
        },
        "lmdb": {
          "optional": true
        }
      }
    },
    "../../.dotfiles/opencode/.config/opencode/node_modules/@effect/platform": {
      "version": "0.96.0",
      "resolved": "https://registry.npmjs.org/@effect/platform/-/platform-0.96.0.tgz",
      "integrity": "sha512-U7PLhkVzg7zzrgFvyWATOzD6reL87KG/fcdOxgLWBQ/J5CCU6qdPAVG+0o6o+IxcsLoqGwxs+rFxaFzrdtDV1A==",
      "license": "MIT",
      "dependencies": {
        "find-my-way-ts": "^0.1.6",
        "msgpackr": "^1.11.4",
        "multipasta": "^0.2.7"
      },
      "peerDependencies": {
        "effect": "^3.21.0"
      }
    },
    "../../.dotfiles/opencode/.config/opencode/node_modules/@effect/platform-bun": {
      "version": "0.89.0",
      "resolved": "https://registry.npmjs.org/@effect/platform-bun/-/platform-bun-0.89.0.tgz",
      "integrity": "sha512-ReT5f2vujJfffMOBexrgwJd2RLxgfr2G0c1FyCsoflcjdQJ7RZE3cwHDp1M3hAzmG67wWAssMHqLsX6H/n27sQ==",
      "license": "MIT",
      "dependencies": {
        "@effect/platform-node-shared": "^0.59.0",
        "multipasta": "^0.2.7"
      },
      "peerDependencies": {
        "@effect/cluster": "^0.58.0",
        "@effect/platform": "^0.96.0",
        "@effect/rpc": "^0.75.0",
        "@effect/sql": "^0.51.0",
        "effect": "^3.21.0"
      }
    },
    "../../.dotfiles/opencode/.config/opencode/node_modules/@effect/platform-node-shared": {
      "version": "0.59.0",
      "resolved": "https://registry.npmjs.org/@effect/platform-node-shared/-/platform-node-shared-0.59.0.tgz",
      "integrity": "sha512-3bq2YKKfLY7UFauZSxqZUneCXoA3SMSls82V+0RKunvRlfPuPQW0hVn6t1RkvEdh0PDoygWG2mZXYQa6Iqgp9A==",
      "license": "MIT",
      "dependencies": {
        "@parcel/watcher": "^2.5.1",
        "multipasta": "^0.2.7",
        "ws": "^8.18.2"
      },
      "peerDependencies": {
        "@effect/cluster": "^0.58.0",
        "@effect/platform": "^0.96.0",
        "@effect/rpc": "^0.75.0",
        "@effect/sql": "^0.51.0",
        "effect": "^3.21.0"
      }
    },
    "../../.dotfiles/opencode/.config/opencode/node_modules/@effect/rpc": {
      "version": "0.75.0",
      "resolved": "https://registry.npmjs.org/@effect/rpc/-/rpc-0.75.0.tgz",
      "integrity": "sha512-VFeJ16cZUXqiIzG9UHOVKGuiBPJ7fV+0lEbJU6xi12JnnxXe/19BQPpOwiRawCUbPOR3/xIURDUgGxU+Ft0pvQ==",
      "license": "MIT",
      "peer": true,
      "dependencies": {
        "msgpackr": "^1.11.4"
      },
      "peerDependencies": {
        "@effect/platform": "^0.96.0",
        "effect": "^3.21.0"
      }
    },
    "../../.dotfiles/opencode/.config/opencode/node_modules/@effect/sql": {
      "version": "0.51.0",
      "resolved": "https://registry.npmjs.org/@effect/sql/-/sql-0.51.0.tgz",
      "integrity": "sha512-e7hWe46QD15eMCr4kNBMVdItIVK/WLHJG+d8DLL1FjVf5Ra82k2mwUYIXplJewVbHjt3my6GSKPPd1ZrQjVd5A==",
      "license": "MIT",
      "peer": true,
      "dependencies": {
        "uuid": "^11.0.3"
      },
      "peerDependencies": {
        "@effect/experimental": "^0.60.0",
        "@effect/platform": "^0.96.0",
        "effect": "^3.21.0"
      }
    },
    "../../.dotfiles/opencode/.config/opencode/node_modules/@effect/workflow": {
      "version": "0.18.0",
      "resolved": "https://registry.npmjs.org/@effect/workflow/-/workflow-0.18.0.tgz",
      "integrity": "sha512-9Zp+x9ADtR0H6CRhU6wLyPcIRjO1PXjvSpUlFlBQ8piw7ldjPmnUWEY8YQuH6eExV2dalQ4z2LMiZ5Bd7XAJbA==",
      "license": "MIT",
      "peer": true,
      "peerDependencies": {
        "@effect/experimental": "^0.60.0",
        "@effect/platform": "^0.96.0",
        "@effect/rpc": "^0.75.0",
        "effect": "^3.21.0"
      }
    },
    "../../.dotfiles/opencode/.config/opencode/node_modules/@msgpackr-extract/msgpackr-extract-darwin-arm64": {
      "version": "3.0.3",
      "resolved": "https://registry.npmjs.org/@msgpackr-extract/msgpackr-extract-darwin-arm64/-/msgpackr-extract-darwin-arm64-3.0.3.tgz",
      "integrity": "sha512-QZHtlVgbAdy2zAqNA9Gu1UpIuI8Xvsd1v8ic6B2pZmeFnFcMWiPLfWXh7TVw4eGEZ/C9TH281KwhVoeQUKbyjw==",
      "cpu": [
        "arm64"
      ],
      "license": "MIT",
      "optional": true,
      "os": [
        "darwin"
      ]
    },
    "../../.dotfiles/opencode/.config/opencode/node_modules/@msgpackr-extract/msgpackr-extract-darwin-x64": {
      "version": "3.0.3",
      "resolved": "https://registry.npmjs.org/@msgpackr-extract/msgpackr-extract-darwin-x64/-/msgpackr-extract-darwin-x64-3.0.3.tgz",
      "integrity": "sha512-mdzd3AVzYKuUmiWOQ8GNhl64/IoFGol569zNRdkLReh6LRLHOXxU4U8eq0JwaD8iFHdVGqSy4IjFL4reoWCDFw==",
      "cpu": [
        "x64"
      ],
      "license": "MIT",
      "optional": true,
      "os": [
        "darwin"
      ]
    },
    "../../.dotfiles/opencode/.config/opencode/node_modules/@msgpackr-extract/msgpackr-extract-linux-arm": {
      "version": "3.0.3",
      "resolved": "https://registry.npmjs.org/@msgpackr-extract/msgpackr-extract-linux-arm/-/msgpackr-extract-linux-arm-3.0.3.tgz",
      "integrity": "sha512-fg0uy/dG/nZEXfYilKoRe7yALaNmHoYeIoJuJ7KJ+YyU2bvY8vPv27f7UKhGRpY6euFYqEVhxCFZgAUNQBM3nw==",
      "cpu": [
        "arm"
      ],
      "license": "MIT",
      "optional": true,
      "os": [
        "linux"
      ]
    },
    "../../.dotfiles/opencode/.config/opencode/node_modules/@msgpackr-extract/msgpackr-extract-linux-arm64": {
      "version": "3.0.3",
      "resolved": "https://registry.npmjs.org/@msgpackr-extract/msgpackr-extract-linux-arm64/-/msgpackr-extract-linux-arm64-3.0.3.tgz",
      "integrity": "sha512-YxQL+ax0XqBJDZiKimS2XQaf+2wDGVa1enVRGzEvLLVFeqa5kx2bWbtcSXgsxjQB7nRqqIGFIcLteF/sHeVtQg==",
      "cpu": [
        "arm64"
      ],
      "license": "MIT",
      "optional": true,
      "os": [
        "linux"
      ]
    },
    "../../.dotfiles/opencode/.config/opencode/node_modules/@msgpackr-extract/msgpackr-extract-linux-x64": {
      "version": "3.0.3",
      "resolved": "https://registry.npmjs.org/@msgpackr-extract/msgpackr-extract-linux-x64/-/msgpackr-extract-linux-x64-3.0.3.tgz",
      "integrity": "sha512-cvwNfbP07pKUfq1uH+S6KJ7dT9K8WOE4ZiAcsrSes+UY55E/0jLYc+vq+DO7jlmqRb5zAggExKm0H7O/CBaesg==",
      "cpu": [
        "x64"
      ],
      "license": "MIT",
      "optional": true,
      "os": [
        "linux"
      ]
    },
    "../../.dotfiles/opencode/.config/opencode/node_modules/@msgpackr-extract/msgpackr-extract-win32-x64": {
      "version": "3.0.3",
      "resolved": "https://registry.npmjs.org/@msgpackr-extract/msgpackr-extract-win32-x64/-/msgpackr-extract-win32-x64-3.0.3.tgz",
      "integrity": "sha512-x0fWaQtYp4E6sktbsdAqnehxDgEc/VwM7uLsRCYWaiGu0ykYdZPiS8zCWdnjHwyiumousxfBm4SO31eXqwEZhQ==",
      "cpu": [
        "x64"
      ],
      "license": "MIT",
      "optional": true,
      "os": [
        "win32"
      ]
    },
    "../../.dotfiles/opencode/.config/opencode/node_modules/@openauthjs/openauth": {
      "version": "0.4.3",
      "resolved": "https://registry.npmjs.org/@openauthjs/openauth/-/openauth-0.4.3.tgz",
      "integrity": "sha512-RlnjqvHzqcbFVymEwhlUEuac4utA5h4nhSK/i2szZuQmxTIqbGUxZ+nM+avM+VV4Ing+/ZaNLKILoXS3yrkOOw==",
      "dependencies": {
        "@standard-schema/spec": "1.0.0-beta.3",
        "aws4fetch": "1.0.20",
        "jose": "5.9.6"
      },
      "peerDependencies": {
        "arctic": "^2.2.2",
        "hono": "^4.0.0"
      }
    },
    "../../.dotfiles/opencode/.config/opencode/node_modules/@opencode-ai/plugin": {
      "version": "1.4.0",
      "resolved": "https://registry.npmjs.org/@opencode-ai/plugin/-/plugin-1.4.0.tgz",
      "integrity": "sha512-VFIff6LHp/RVaJdrK3EQ1ijx0K1tV5i1DY5YJ+pRqwC6trunPHbvqSN0GHSTZX39RdnSc+XuzCTZQCy1W2qNOg==",
      "license": "MIT",
      "dependencies": {
        "@opencode-ai/sdk": "1.4.0",
        "zod": "4.1.8"
      },
      "peerDependencies": {
        "@opentui/core": ">=0.1.97",
        "@opentui/solid": ">=0.1.97"
      },
      "peerDependenciesMeta": {
        "@opentui/core": {
          "optional": true
        },
        "@opentui/solid": {
          "optional": true
        }
      }
    },
    "../../.dotfiles/opencode/.config/opencode/node_modules/@opencode-ai/sdk": {
      "version": "1.4.0",
      "resolved": "https://registry.npmjs.org/@opencode-ai/sdk/-/sdk-1.4.0.tgz",
      "integrity": "sha512-mfa3MzhqNM+Az4bgPDDXL3NdG+aYOHClXmT6/4qLxf2ulyfPpMNHqb9Dfmo4D8UfmrDsPuJHmbune73/nUQnuw==",
      "license": "MIT",
      "dependencies": {
        "cross-spawn": "7.0.6"
      }
    },
    "../../.dotfiles/opencode/.config/opencode/node_modules/@oslojs/asn1": {
      "version": "1.0.0",
      "resolved": "https://registry.npmjs.org/@oslojs/asn1/-/asn1-1.0.0.tgz",
      "integrity": "sha512-zw/wn0sj0j0QKbIXfIlnEcTviaCzYOY3V5rAyjR6YtOByFtJiT574+8p9Wlach0lZH9fddD4yb9laEAIl4vXQA==",
      "license": "MIT",
      "peer": true,
      "dependencies": {
        "@oslojs/binary": "1.0.0"
      }
    },
    "../../.dotfiles/opencode/.config/opencode/node_modules/@oslojs/binary": {
      "version": "1.0.0",
      "resolved": "https://registry.npmjs.org/@oslojs/binary/-/binary-1.0.0.tgz",
      "integrity": "sha512-9RCU6OwXU6p67H4NODbuxv2S3eenuQ4/WFLrsq+K/k682xrznH5EVWA7N4VFk9VYVcbFtKqur5YQQZc0ySGhsQ==",
      "license": "MIT",
      "peer": true
    },
    "../../.dotfiles/opencode/.config/opencode/node_modules/@oslojs/crypto": {
      "version": "1.0.1",
      "resolved": "https://registry.npmjs.org/@oslojs/crypto/-/crypto-1.0.1.tgz",
      "integrity": "sha512-7n08G8nWjAr/Yu3vu9zzrd0L9XnrJfpMioQcvCMxBIiF5orECHe5/3J0jmXRVvgfqMm/+4oxlQ+Sq39COYLcNQ==",
      "license": "MIT",
      "peer": true,
      "dependencies": {
        "@oslojs/asn1": "1.0.0",
        "@oslojs/binary": "1.0.0"
      }
    },
    "../../.dotfiles/opencode/.config/opencode/node_modules/@oslojs/encoding": {
      "version": "1.1.0",
      "resolved": "https://registry.npmjs.org/@oslojs/encoding/-/encoding-1.1.0.tgz",
      "integrity": "sha512-70wQhgYmndg4GCPxPPxPGevRKqTIJ2Nh4OkiMWmDAVYsTQ+Ta7Sq+rPevXyXGdzr30/qZBnyOalCszoMxlyldQ==",
      "license": "MIT",
      "peer": true
    },
    "../../.dotfiles/opencode/.config/opencode/node_modules/@oslojs/jwt": {
      "version": "0.2.0",
      "resolved": "https://registry.npmjs.org/@oslojs/jwt/-/jwt-0.2.0.tgz",
      "integrity": "sha512-bLE7BtHrURedCn4Mco3ma9L4Y1GR2SMBuIvjWr7rmQ4/W/4Jy70TIAgZ+0nIlk0xHz1vNP8x8DCns45Sb2XRbg==",
      "license": "MIT",
      "peer": true,
      "dependencies": {
        "@oslojs/encoding": "0.4.1"
      }
    },
    "../../.dotfiles/opencode/.config/opencode/node_modules/@oslojs/jwt/node_modules/@oslojs/encoding": {
      "version": "0.4.1",
      "resolved": "https://registry.npmjs.org/@oslojs/encoding/-/encoding-0.4.1.tgz",
      "integrity": "sha512-hkjo6MuIK/kQR5CrGNdAPZhS01ZCXuWDRJ187zh6qqF2+yMHZpD9fAYpX8q2bOO6Ryhl3XpCT6kUX76N8hhm4Q==",
      "license": "MIT",
      "peer": true
    },
    "../../.dotfiles/opencode/.config/opencode/node_modules/@parcel/watcher": {
      "version": "2.5.6",
      "resolved": "https://registry.npmjs.org/@parcel/watcher/-/watcher-2.5.6.tgz",
      "integrity": "sha512-tmmZ3lQxAe/k/+rNnXQRawJ4NjxO2hqiOLTHvWchtGZULp4RyFeh6aU4XdOYBFe2KE1oShQTv4AblOs2iOrNnQ==",
      "hasInstallScript": true,
      "license": "MIT",
      "dependencies": {
        "detect-libc": "^2.0.3",
        "is-glob": "^4.0.3",
        "node-addon-api": "^7.0.0",
        "picomatch": "^4.0.3"
      },
      "engines": {
        "node": ">= 10.0.0"
      },
      "funding": {
        "type": "opencollective",
        "url": "https://opencollective.com/parcel"
      },
      "optionalDependencies": {
        "@parcel/watcher-android-arm64": "2.5.6",
        "@parcel/watcher-darwin-arm64": "2.5.6",
        "@parcel/watcher-darwin-x64": "2.5.6",
        "@parcel/watcher-freebsd-x64": "2.5.6",
        "@parcel/watcher-linux-arm-glibc": "2.5.6",
        "@parcel/watcher-linux-arm-musl": "2.5.6",
        "@parcel/watcher-linux-arm64-glibc": "2.5.6",
        "@parcel/watcher-linux-arm64-musl": "2.5.6",
        "@parcel/watcher-linux-x64-glibc": "2.5.6",
        "@parcel/watcher-linux-x64-musl": "2.5.6",
        "@parcel/watcher-win32-arm64": "2.5.6",
        "@parcel/watcher-win32-ia32": "2.5.6",
        "@parcel/watcher-win32-x64": "2.5.6"
      }
    },
    "../../.dotfiles/opencode/.config/opencode/node_modules/@parcel/watcher-android-arm64": {
      "version": "2.5.6",
      "resolved": "https://registry.npmjs.org/@parcel/watcher-android-arm64/-/watcher-android-arm64-2.5.6.tgz",
      "integrity": "sha512-YQxSS34tPF/6ZG7r/Ih9xy+kP/WwediEUsqmtf0cuCV5TPPKw/PQHRhueUo6JdeFJaqV3pyjm0GdYjZotbRt/A==",
      "cpu": [
        "arm64"
      ],
      "license": "MIT",
      "optional": true,
      "os": [
        "android"
      ],
      "engines": {
        "node": ">= 10.0.0"
      },
      "funding": {
        "type": "opencollective",
        "url": "https://opencollective.com/parcel"
      }
    },
    "../../.dotfiles/opencode/.config/opencode/node_modules/@parcel/watcher-darwin-arm64": {
      "version": "2.5.6",
      "resolved": "https://registry.npmjs.org/@parcel/watcher-darwin-arm64/-/watcher-darwin-arm64-2.5.6.tgz",
      "integrity": "sha512-Z2ZdrnwyXvvvdtRHLmM4knydIdU9adO3D4n/0cVipF3rRiwP+3/sfzpAwA/qKFL6i1ModaabkU7IbpeMBgiVEA==",
      "cpu": [
        "arm64"
      ],
      "license": "MIT",
      "optional": true,
      "os": [
        "darwin"
      ],
      "engines": {
        "node": ">= 10.0.0"
      },
      "funding": {
        "type": "opencollective",
        "url": "https://opencollective.com/parcel"
      }
    },
    "../../.dotfiles/opencode/.config/opencode/node_modules/@parcel/watcher-darwin-x64": {
      "version": "2.5.6",
      "resolved": "https://registry.npmjs.org/@parcel/watcher-darwin-x64/-/watcher-darwin-x64-2.5.6.tgz",
      "integrity": "sha512-HgvOf3W9dhithcwOWX9uDZyn1lW9R+7tPZ4sug+NGrGIo4Rk1hAXLEbcH1TQSqxts0NYXXlOWqVpvS1SFS4fRg==",
      "cpu": [
        "x64"
      ],
      "license": "MIT",
      "optional": true,
      "os": [
        "darwin"
      ],
      "engines": {
        "node": ">= 10.0.0"
      },
      "funding": {
        "type": "opencollective",
        "url": "https://opencollective.com/parcel"
      }
    },
    "../../.dotfiles/opencode/.config/opencode/node_modules/@parcel/watcher-freebsd-x64": {
      "version": "2.5.6",
      "resolved": "https://registry.npmjs.org/@parcel/watcher-freebsd-x64/-/watcher-freebsd-x64-2.5.6.tgz",
      "integrity": "sha512-vJVi8yd/qzJxEKHkeemh7w3YAn6RJCtYlE4HPMoVnCpIXEzSrxErBW5SJBgKLbXU3WdIpkjBTeUNtyBVn8TRng==",
      "cpu": [
        "x64"
      ],
      "license": "MIT",
      "optional": true,
      "os": [
        "freebsd"
      ],
      "engines": {
        "node": ">= 10.0.0"
      },
      "funding": {
        "type": "opencollective",
        "url": "https://opencollective.com/parcel"
      }
    },
    "../../.dotfiles/opencode/.config/opencode/node_modules/@parcel/watcher-linux-arm-glibc": {
      "version": "2.5.6",
      "resolved": "https://registry.npmjs.org/@parcel/watcher-linux-arm-glibc/-/watcher-linux-arm-glibc-2.5.6.tgz",
      "integrity": "sha512-9JiYfB6h6BgV50CCfasfLf/uvOcJskMSwcdH1PHH9rvS1IrNy8zad6IUVPVUfmXr+u+Km9IxcfMLzgdOudz9EQ==",
      "cpu": [
        "arm"
      ],
      "libc": [
        "glibc"
      ],
      "license": "MIT",
      "optional": true,
      "os": [
        "linux"
      ],
      "engines": {
        "node": ">= 10.0.0"
      },
      "funding": {
        "type": "opencollective",
        "url": "https://opencollective.com/parcel"
      }
    },
    "../../.dotfiles/opencode/.config/opencode/node_modules/@parcel/watcher-linux-arm-musl": {
      "version": "2.5.6",
      "resolved": "https://registry.npmjs.org/@parcel/watcher-linux-arm-musl/-/watcher-linux-arm-musl-2.5.6.tgz",
      "integrity": "sha512-Ve3gUCG57nuUUSyjBq/MAM0CzArtuIOxsBdQ+ftz6ho8n7s1i9E1Nmk/xmP323r2YL0SONs1EuwqBp2u1k5fxg==",
      "cpu": [
        "arm"
      ],
      "libc": [
        "musl"
      ],
      "license": "MIT",
      "optional": true,
      "os": [
        "linux"
      ],
      "engines": {
        "node": ">= 10.0.0"
      },
      "funding": {
        "type": "opencollective",
        "url": "https://opencollective.com/parcel"
      }
    },
    "../../.dotfiles/opencode/.config/opencode/node_modules/@parcel/watcher-linux-arm64-glibc": {
      "version": "2.5.6",
      "resolved": "https://registry.npmjs.org/@parcel/watcher-linux-arm64-glibc/-/watcher-linux-arm64-glibc-2.5.6.tgz",
      "integrity": "sha512-f2g/DT3NhGPdBmMWYoxixqYr3v/UXcmLOYy16Bx0TM20Tchduwr4EaCbmxh1321TABqPGDpS8D/ggOTaljijOA==",
      "cpu": [
        "arm64"
      ],
      "libc": [
        "glibc"
      ],
      "license": "MIT",
      "optional": true,
      "os": [
        "linux"
      ],
      "engines": {
        "node": ">= 10.0.0"
      },
      "funding": {
        "type": "opencollective",
        "url": "https://opencollective.com/parcel"
      }
    },
    "../../.dotfiles/opencode/.config/opencode/node_modules/@parcel/watcher-linux-arm64-musl": {
      "version": "2.5.6",
      "resolved": "https://registry.npmjs.org/@parcel/watcher-linux-arm64-musl/-/watcher-linux-arm64-musl-2.5.6.tgz",
      "integrity": "sha512-qb6naMDGlbCwdhLj6hgoVKJl2odL34z2sqkC7Z6kzir8b5W65WYDpLB6R06KabvZdgoHI/zxke4b3zR0wAbDTA==",
      "cpu": [
        "arm64"
      ],
      "libc": [
        "musl"
      ],
      "license": "MIT",
      "optional": true,
      "os": [
        "linux"
      ],
      "engines": {
        "node": ">= 10.0.0"
      },
      "funding": {
        "type": "opencollective",
        "url": "https://opencollective.com/parcel"
      }
    },
    "../../.dotfiles/opencode/.config/opencode/node_modules/@parcel/watcher-linux-x64-glibc": {
      "version": "2.5.6",
      "resolved": "https://registry.npmjs.org/@parcel/watcher-linux-x64-glibc/-/watcher-linux-x64-glibc-2.5.6.tgz",
      "integrity": "sha512-kbT5wvNQlx7NaGjzPFu8nVIW1rWqV780O7ZtkjuWaPUgpv2NMFpjYERVi0UYj1msZNyCzGlaCWEtzc+exjMGbQ==",
      "cpu": [
        "x64"
      ],
      "libc": [
        "glibc"
      ],
      "license": "MIT",
      "optional": true,
      "os": [
        "linux"
      ],
      "engines": {
        "node": ">= 10.0.0"
      },
      "funding": {
        "type": "opencollective",
        "url": "https://opencollective.com/parcel"
      }
    },
    "../../.dotfiles/opencode/.config/opencode/node_modules/@parcel/watcher-linux-x64-musl": {
      "version": "2.5.6",
      "resolved": "https://registry.npmjs.org/@parcel/watcher-linux-x64-musl/-/watcher-linux-x64-musl-2.5.6.tgz",
      "integrity": "sha512-1JRFeC+h7RdXwldHzTsmdtYR/Ku8SylLgTU/reMuqdVD7CtLwf0VR1FqeprZ0eHQkO0vqsbvFLXUmYm/uNKJBg==",
      "cpu": [
        "x64"
      ],
      "libc": [
        "musl"
      ],
      "license": "MIT",
      "optional": true,
      "os": [
        "linux"
      ],
      "engines": {
        "node": ">= 10.0.0"
      },
      "funding": {
        "type": "opencollective",
        "url": "https://opencollective.com/parcel"
      }
    },
    "../../.dotfiles/opencode/.config/opencode/node_modules/@parcel/watcher-win32-arm64": {
      "version": "2.5.6",
      "resolved": "https://registry.npmjs.org/@parcel/watcher-win32-arm64/-/watcher-win32-arm64-2.5.6.tgz",
      "integrity": "sha512-3ukyebjc6eGlw9yRt678DxVF7rjXatWiHvTXqphZLvo7aC5NdEgFufVwjFfY51ijYEWpXbqF5jtrK275z52D4Q==",
      "cpu": [
        "arm64"
      ],
      "license": "MIT",
      "optional": true,
      "os": [
        "win32"
      ],
      "engines": {
        "node": ">= 10.0.0"
      },
      "funding": {
        "type": "opencollective",
        "url": "https://opencollective.com/parcel"
      }
    },
    "../../.dotfiles/opencode/.config/opencode/node_modules/@parcel/watcher-win32-ia32": {
      "version": "2.5.6",
      "resolved": "https://registry.npmjs.org/@parcel/watcher-win32-ia32/-/watcher-win32-ia32-2.5.6.tgz",
      "integrity": "sha512-k35yLp1ZMwwee3Ez/pxBi5cf4AoBKYXj00CZ80jUz5h8prpiaQsiRPKQMxoLstNuqe2vR4RNPEAEcjEFzhEz/g==",
      "cpu": [
        "ia32"
      ],
      "license": "MIT",
      "optional": true,
      "os": [
        "win32"
      ],
      "engines": {
        "node": ">= 10.0.0"
      },
      "funding": {
        "type": "opencollective",
        "url": "https://opencollective.com/parcel"
      }
    },
    "../../.dotfiles/opencode/.config/opencode/node_modules/@parcel/watcher-win32-x64": {
      "version": "2.5.6",
      "resolved": "https://registry.npmjs.org/@parcel/watcher-win32-x64/-/watcher-win32-x64-2.5.6.tgz",
      "integrity": "sha512-hbQlYcCq5dlAX9Qx+kFb0FHue6vbjlf0FrNzSKdYK2APUf7tGfGxQCk2ihEREmbR6ZMc0MVAD5RIX/41gpUzTw==",
      "cpu": [
        "x64"
      ],
      "license": "MIT",
      "optional": true,
      "os": [
        "win32"
      ],
      "engines": {
        "node": ">= 10.0.0"
      },
      "funding": {
        "type": "opencollective",
        "url": "https://opencollective.com/parcel"
      }
    },
    "../../.dotfiles/opencode/.config/opencode/node_modules/@standard-schema/spec": {
      "version": "1.0.0-beta.3",
      "resolved": "https://registry.npmjs.org/@standard-schema/spec/-/spec-1.0.0-beta.3.tgz",
      "integrity": "sha512-0ifF3BjA1E8SY9C+nUew8RefNOIq0cDlYALPty4rhUm8Rrl6tCM8hBT4bhGhx7I7iXD0uAgt50lgo8dD73ACMw==",
      "license": "MIT"
    },
    "../../.dotfiles/opencode/.config/opencode/node_modules/arctic": {
      "version": "2.3.4",
      "resolved": "https://registry.npmjs.org/arctic/-/arctic-2.3.4.tgz",
      "integrity": "sha512-+p30BOWsctZp+CVYCt7oAean/hWGW42sH5LAcRQX56ttEkFJWbzXBhmSpibbzwSJkRrotmsA+oAoJoVsU0f5xA==",
      "license": "MIT",
      "peer": true,
      "dependencies": {
        "@oslojs/crypto": "1.0.1",
        "@oslojs/encoding": "1.1.0",
        "@oslojs/jwt": "0.2.0"
      }
    },
    "../../.dotfiles/opencode/.config/opencode/node_modules/aws4fetch": {
      "version": "1.0.20",
      "resolved": "https://registry.npmjs.org/aws4fetch/-/aws4fetch-1.0.20.tgz",
      "integrity": "sha512-/djoAN709iY65ETD6LKCtyyEI04XIBP5xVvfmNxsEP0uJB5tyaGBztSryRr4HqMStr9R06PisQE7m9zDTXKu6g==",
      "license": "MIT"
    },
    "../../.dotfiles/opencode/.config/opencode/node_modules/cross-spawn": {
      "version": "7.0.6",
      "resolved": "https://registry.npmjs.org/cross-spawn/-/cross-spawn-7.0.6.tgz",
      "integrity": "sha512-uV2QOWP2nWzsy2aMp8aRibhi9dlzF5Hgh5SHaB9OiTGEyDTiJJyx0uy51QXdyWbtAHNua4XJzUKca3OzKUd3vA==",
      "license": "MIT",
      "dependencies": {
        "path-key": "^3.1.0",
        "shebang-command": "^2.0.0",
        "which": "^2.0.1"
      },
      "engines": {
        "node": ">= 8"
      }
    },
    "../../.dotfiles/opencode/.config/opencode/node_modules/detect-libc": {
      "version": "2.1.2",
      "resolved": "https://registry.npmjs.org/detect-libc/-/detect-libc-2.1.2.tgz",
      "integrity": "sha512-Btj2BOOO83o3WyH59e8MgXsxEQVcarkUOpEYrubB0urwnN10yQ364rsiByU11nZlqWYZm05i/of7io4mzihBtQ==",
      "license": "Apache-2.0",
      "engines": {
        "node": ">=8"
      }
    },
    "../../.dotfiles/opencode/.config/opencode/node_modules/effect": {
      "version": "3.21.0",
      "resolved": "https://registry.npmjs.org/effect/-/effect-3.21.0.tgz",
      "integrity": "sha512-PPN80qRokCd1f015IANNhrwOnLO7GrrMQfk4/lnZRE/8j7UPWrNNjPV0uBrZutI/nHzernbW+J0hdqQysHiSnQ==",
      "license": "MIT",
      "dependencies": {
        "@standard-schema/spec": "^1.0.0",
        "fast-check": "^3.23.1"
      }
    },
    "../../.dotfiles/opencode/.config/opencode/node_modules/effect/node_modules/@standard-schema/spec": {
      "version": "1.1.0",
      "resolved": "https://registry.npmjs.org/@standard-schema/spec/-/spec-1.1.0.tgz",
      "integrity": "sha512-l2aFy5jALhniG5HgqrD6jXLi/rUWrKvqN/qJx6yoJsgKhblVd+iqqU4RCXavm/jPityDo5TCvKMnpjKnOriy0w==",
      "license": "MIT"
    },
    "../../.dotfiles/opencode/.config/opencode/node_modules/fast-check": {
      "version": "3.23.2",
      "resolved": "https://registry.npmjs.org/fast-check/-/fast-check-3.23.2.tgz",
      "integrity": "sha512-h5+1OzzfCC3Ef7VbtKdcv7zsstUQwUDlYpUTvjeUsJAssPgLn7QzbboPtL5ro04Mq0rPOsMzl7q5hIbRs2wD1A==",
      "funding": [
        {
          "type": "individual",
          "url": "https://github.com/sponsors/dubzzz"
        },
        {
          "type": "opencollective",
          "url": "https://opencollective.com/fast-check"
        }
      ],
      "license": "MIT",
      "dependencies": {
        "pure-rand": "^6.1.0"
      },
      "engines": {
        "node": ">=8.0.0"
      }
    },
    "../../.dotfiles/opencode/.config/opencode/node_modules/find-my-way-ts": {
      "version": "0.1.6",
      "resolved": "https://registry.npmjs.org/find-my-way-ts/-/find-my-way-ts-0.1.6.tgz",
      "integrity": "sha512-a85L9ZoXtNAey3Y6Z+eBWW658kO/MwR7zIafkIUPUMf3isZG0NCs2pjW2wtjxAKuJPxMAsHUIP4ZPGv0o5gyTA==",
      "license": "MIT"
    },
    "../../.dotfiles/opencode/.config/opencode/node_modules/hono": {
      "version": "4.12.12",
      "resolved": "https://registry.npmjs.org/hono/-/hono-4.12.12.tgz",
      "integrity": "sha512-p1JfQMKaceuCbpJKAPKVqyqviZdS0eUxH9v82oWo1kb9xjQ5wA6iP3FNVAPDFlz5/p7d45lO+BpSk1tuSZMF4Q==",
      "license": "MIT",
      "peer": true,
      "engines": {
        "node": ">=16.9.0"
      }
    },
    "../../.dotfiles/opencode/.config/opencode/node_modules/is-extglob": {
      "version": "2.1.1",
      "resolved": "https://registry.npmjs.org/is-extglob/-/is-extglob-2.1.1.tgz",
      "integrity": "sha512-SbKbANkN603Vi4jEZv49LeVJMn4yGwsbzZworEoyEiutsN3nJYdbO36zfhGJ6QEDpOZIFkDtnq5JRxmvl3jsoQ==",
      "license": "MIT",
      "engines": {
        "node": ">=0.10.0"
      }
    },
    "../../.dotfiles/opencode/.config/opencode/node_modules/is-glob": {
      "version": "4.0.3",
      "resolved": "https://registry.npmjs.org/is-glob/-/is-glob-4.0.3.tgz",
      "integrity": "sha512-xelSayHH36ZgE7ZWhli7pW34hNbNl8Ojv5KVmkJD4hBdD3th8Tfk9vYasLM+mXWOZhFkgZfxhLSnrwRr4elSSg==",
      "license": "MIT",
      "dependencies": {
        "is-extglob": "^2.1.1"
      },
      "engines": {
        "node": ">=0.10.0"
      }
    },
    "../../.dotfiles/opencode/.config/opencode/node_modules/isexe": {
      "version": "2.0.0",
      "resolved": "https://registry.npmjs.org/isexe/-/isexe-2.0.0.tgz",
      "integrity": "sha512-RHxMLp9lnKHGHRng9QFhRCMbYAcVpn69smSGcq3f36xjgVVWThj4qqLbTLlq7Ssj8B+fIQ1EuCEGI2lKsyQeIw==",
      "license": "ISC"
    },
    "../../.dotfiles/opencode/.config/opencode/node_modules/jose": {
      "version": "5.9.6",
      "resolved": "https://registry.npmjs.org/jose/-/jose-5.9.6.tgz",
      "integrity": "sha512-AMlnetc9+CV9asI19zHmrgS/WYsWUwCn2R7RzlbJWD7F9eWYUTGyBmU9o6PxngtLGOiDGPRu+Uc4fhKzbpteZQ==",
      "license": "MIT",
      "funding": {
        "url": "https://github.com/sponsors/panva"
      }
    },
    "../../.dotfiles/opencode/.config/opencode/node_modules/kubernetes-types": {
      "version": "1.30.0",
      "resolved": "https://registry.npmjs.org/kubernetes-types/-/kubernetes-types-1.30.0.tgz",
      "integrity": "sha512-Dew1okvhM/SQcIa2rcgujNndZwU8VnSapDgdxlYoB84ZlpAD43U6KLAFqYo17ykSFGHNPrg0qry0bP+GJd9v7Q==",
      "license": "Apache-2.0",
      "peer": true
    },
    "../../.dotfiles/opencode/.config/opencode/node_modules/msgpackr": {
      "version": "1.11.9",
      "resolved": "https://registry.npmjs.org/msgpackr/-/msgpackr-1.11.9.tgz",
      "integrity": "sha512-FkoAAyyA6HM8wL882EcEyFZ9s7hVADSwG9xrVx3dxxNQAtgADTrJoEWivID82Iv1zWDsv/OtbrrcZAzGzOMdNw==",
      "license": "MIT",
      "optionalDependencies": {
        "msgpackr-extract": "^3.0.2"
      }
    },
    "../../.dotfiles/opencode/.config/opencode/node_modules/msgpackr-extract": {
      "version": "3.0.3",
      "resolved": "https://registry.npmjs.org/msgpackr-extract/-/msgpackr-extract-3.0.3.tgz",
      "integrity": "sha512-P0efT1C9jIdVRefqjzOQ9Xml57zpOXnIuS+csaB4MdZbTdmGDLo8XhzBG1N7aO11gKDDkJvBLULeFTo46wwreA==",
      "hasInstallScript": true,
      "license": "MIT",
      "optional": true,
      "dependencies": {
        "node-gyp-build-optional-packages": "5.2.2"
      },
      "bin": {
        "download-msgpackr-prebuilds": "bin/download-prebuilds.js"
      },
      "optionalDependencies": {
        "@msgpackr-extract/msgpackr-extract-darwin-arm64": "3.0.3",
        "@msgpackr-extract/msgpackr-extract-darwin-x64": "3.0.3",
        "@msgpackr-extract/msgpackr-extract-linux-arm": "3.0.3",
        "@msgpackr-extract/msgpackr-extract-linux-arm64": "3.0.3",
        "@msgpackr-extract/msgpackr-extract-linux-x64": "3.0.3",
        "@msgpackr-extract/msgpackr-extract-win32-x64": "3.0.3"
      }
    },
    "../../.dotfiles/opencode/.config/opencode/node_modules/multipasta": {
      "version": "0.2.7",
      "resolved": "https://registry.npmjs.org/multipasta/-/multipasta-0.2.7.tgz",
      "integrity": "sha512-KPA58d68KgGil15oDqXjkUBEBYc00XvbPj5/X+dyzeo/lWm9Nc25pQRlf1D+gv4OpK7NM0J1odrbu9JNNGvynA==",
      "license": "MIT"
    },
    "../../.dotfiles/opencode/.config/opencode/node_modules/node-addon-api": {
      "version": "7.1.1",
      "resolved": "https://registry.npmjs.org/node-addon-api/-/node-addon-api-7.1.1.tgz",
      "integrity": "sha512-5m3bsyrjFWE1xf7nz7YXdN4udnVtXK6/Yfgn5qnahL6bCkf2yKt4k3nuTKAtT4r3IG8JNR2ncsIMdZuAzJjHQQ==",
      "license": "MIT"
    },
    "../../.dotfiles/opencode/.config/opencode/node_modules/node-gyp-build-optional-packages": {
      "version": "5.2.2",
      "resolved": "https://registry.npmjs.org/node-gyp-build-optional-packages/-/node-gyp-build-optional-packages-5.2.2.tgz",
      "integrity": "sha512-s+w+rBWnpTMwSFbaE0UXsRlg7hU4FjekKU4eyAih5T8nJuNZT1nNsskXpxmeqSK9UzkBl6UgRlnKc8hz8IEqOw==",
      "license": "MIT",
      "optional": true,
      "dependencies": {
        "detect-libc": "^2.0.1"
      },
      "bin": {
        "node-gyp-build-optional-packages": "bin.js",
        "node-gyp-build-optional-packages-optional": "optional.js",
        "node-gyp-build-optional-packages-test": "build-test.js"
      }
    },
    "../../.dotfiles/opencode/.config/opencode/node_modules/path-key": {
      "version": "3.1.1",
      "resolved": "https://registry.npmjs.org/path-key/-/path-key-3.1.1.tgz",
      "integrity": "sha512-ojmeN0qd+y0jszEtoY48r0Peq5dwMEkIlCOu6Q5f41lfkswXuKtYrhgoTpLnyIcHm24Uhqx+5Tqm2InSwLhE6Q==",
      "license": "MIT",
      "engines": {
        "node": ">=8"
      }
    },
    "../../.dotfiles/opencode/.config/opencode/node_modules/picomatch": {
      "version": "4.0.4",
      "resolved": "https://registry.npmjs.org/picomatch/-/picomatch-4.0.4.tgz",
      "integrity": "sha512-QP88BAKvMam/3NxH6vj2o21R6MjxZUAd6nlwAS/pnGvN9IVLocLHxGYIzFhg6fUQ+5th6P4dv4eW9jX3DSIj7A==",
      "license": "MIT",
      "engines": {
        "node": ">=12"
      },
      "funding": {
        "url": "https://github.com/sponsors/jonschlinkert"
      }
    },
    "../../.dotfiles/opencode/.config/opencode/node_modules/pure-rand": {
      "version": "6.1.0",
      "resolved": "https://registry.npmjs.org/pure-rand/-/pure-rand-6.1.0.tgz",
      "integrity": "sha512-bVWawvoZoBYpp6yIoQtQXHZjmz35RSVHnUOTefl8Vcjr8snTPY1wnpSPMWekcFwbxI6gtmT7rSYPFvz71ldiOA==",
      "funding": [
        {
          "type": "individual",
          "url": "https://github.com/sponsors/dubzzz"
        },
        {
          "type": "opencollective",
          "url": "https://opencollective.com/fast-check"
        }
      ],
      "license": "MIT"
    },
    "../../.dotfiles/opencode/.config/opencode/node_modules/shebang-command": {
      "version": "2.0.0",
      "resolved": "https://registry.npmjs.org/shebang-command/-/shebang-command-2.0.0.tgz",
      "integrity": "sha512-kHxr2zZpYtdmrN1qDjrrX/Z1rR1kG8Dx+gkpK1G4eXmvXswmcE1hTWBWYUzlraYw1/yZp6YuDY77YtvbN0dmDA==",
      "license": "MIT",
      "dependencies": {
        "shebang-regex": "^3.0.0"
      },
      "engines": {
        "node": ">=8"
      }
    },
    "../../.dotfiles/opencode/.config/opencode/node_modules/shebang-regex": {
      "version": "3.0.0",
      "resolved": "https://registry.npmjs.org/shebang-regex/-/shebang-regex-3.0.0.tgz",
      "integrity": "sha512-7++dFhtcx3353uBaq8DDR4NuxBetBzC7ZQOhmTQInHEd6bSrXdiEyzCvG07Z44UYdLShWUyXt5M/yhz8ekcb1A==",
      "license": "MIT",
      "engines": {
        "node": ">=8"
      }
    },
    "../../.dotfiles/opencode/.config/opencode/node_modules/uuid": {
      "version": "11.1.0",
      "resolved": "https://registry.npmjs.org/uuid/-/uuid-11.1.0.tgz",
      "integrity": "sha512-0/A9rDy9P7cJ+8w1c9WD9V//9Wj15Ce2MPz8Ri6032usz+NfePxx5AcN3bN+r6ZL6jEo066/yNYB3tn4pQEx+A==",
      "funding": [
        "https://github.com/sponsors/broofa",
        "https://github.com/sponsors/ctavan"
      ],
      "license": "MIT",
      "peer": true,
      "bin": {
        "uuid": "dist/esm/bin/uuid"
      }
    },
    "../../.dotfiles/opencode/.config/opencode/node_modules/which": {
      "version": "2.0.2",
      "resolved": "https://registry.npmjs.org/which/-/which-2.0.2.tgz",
      "integrity": "sha512-BLI3Tl1TW3Pvl70l3yq3Y64i+awpwXqsGBYWkkqMtnbXgrMD+yj7rhW0kuEDxzJaYXGjEW5ogapKNMEKNMjibA==",
      "license": "ISC",
      "dependencies": {
        "isexe": "^2.0.0"
      },
      "bin": {
        "node-which": "bin/node-which"
      },
      "engines": {
        "node": ">= 8"
      }
    },
    "../../.dotfiles/opencode/.config/opencode/node_modules/ws": {
      "version": "8.20.0",
      "resolved": "https://registry.npmjs.org/ws/-/ws-8.20.0.tgz",
      "integrity": "sha512-sAt8BhgNbzCtgGbt2OxmpuryO63ZoDk/sqaB/znQm94T4fCEsy/yV+7CdC1kJhOU9lboAEU7R3kquuycDoibVA==",
      "license": "MIT",
      "engines": {
        "node": ">=10.0.0"
      },
      "peerDependencies": {
        "bufferutil": "^4.0.1",
        "utf-8-validate": ">=5.0.2"
      },
      "peerDependenciesMeta": {
        "bufferutil": {
          "optional": true
        },
        "utf-8-validate": {
          "optional": true
        }
      }
    },
    "../../.dotfiles/opencode/.config/opencode/node_modules/zod": {
      "version": "4.1.8",
      "resolved": "https://registry.npmjs.org/zod/-/zod-4.1.8.tgz",
      "integrity": "sha512-5R1P+WwQqmmMIEACyzSvo4JXHY5WiAFHRMg+zBZKgKS+Q1viRa0C1hmUKtHltoIFKtIdki3pRxkmpP74jnNYHQ==",
      "license": "MIT",
      "funding": {
        "url": "https://github.com/sponsors/colinhacks"
      }
    }
  }
}
